
Microsoft Visual Studio Solution File, Format Version 12.00
# Visual Studio Version 17
VisualStudioVersion = 17.3.32922.545
MinimumVisualStudioVersion = 10.0.40219.1
Project("{FAE04EC0-301F-11D3-BF4B-00C04F79EFBC}") = "employee_core_2.0", "employee_core_2.0\employee_core_2.0.csproj", "{AF93554B-931F-4548-A8FD-51E8B062E74B}"
EndProject
Global
	GlobalSection(SolutionConfigurationPlatforms) = preSolution
		Debug|Any CPU = Debug|Any CPU
		Release|Any CPU = Release|Any CPU
	EndGlobalSection
	GlobalSection(ProjectConfigurationPlatforms) = postSolution
		{AF93554B-931F-4548-A8FD-51E8B062E74B}.Debug|Any CPU.ActiveCfg = Debug|Any CPU
		{AF93554B-931F-4548-A8FD-51E8B062E74B}.Debug|Any CPU.Build.0 = Debug|Any CPU
		{AF93554B-931F-4548-A8FD-51E8B062E74B}.Release|Any CPU.ActiveCfg = Release|Any CPU
		{AF93554B-931F-4548-A8FD-51E8B062E74B}.Release|Any CPU.Build.0 = Release|Any CPU
	EndGlobalSection
	GlobalSection(SolutionProperties) = preSolution
		HideSolutionNode = FALSE
	EndGlobalSection
	GlobalSection(ExtensibilityGlobals) = postSolution
		SolutionGuid = {6954B960-6EDB-4ABF-9D5B-D0752860B727}
	EndGlobalSection
EndGlobal
